{
  "name": "symphony-meta-orchestrator-mcp",
  "version": "0.1.0",
  "lockfileVersion": 3,
  "requires": true,
  "packages": {
    "": {
      "name": "symphony-meta-orchestrator-mcp",
      "version": "0.1.0",
      "license": "UNLICENSED",
      "bin": {
        "symphony-meta-orchestrator": "dist/cli/index.js",
        "symphony-meta-orchestrator-mcp": "dist/mcp/stdio.js"
      },
      "engines": {
        "node": ">=22.18"
      }
    }
  }
}
